
Microsoft Visual Studio Solution File, Format Version 12.00
# Visual Studio Version 17
VisualStudioVersion = 17.4.33122.133
MinimumVisualStudioVersion = 10.0.40219.1
Project("{9A19103F-16F7-4668-BE54-9A1E7A4F7556}") = "EHS_API", "EHS_API\EHS_API.csproj", "{ADC7A8EB-E959-49B2-A5E5-31CAA0EBE519}"
EndProject
Global
	GlobalSection(SolutionConfigurationPlatforms) = preSolution
		Debug|Any CPU = Debug|Any CPU
		Release|Any CPU = Release|Any CPU
	EndGlobalSection
	GlobalSection(ProjectConfigurationPlatforms) = postSolution
		{ADC7A8EB-E959-49B2-A5E5-31CAA0EBE519}.Debug|Any CPU.ActiveCfg = Debug|Any CPU
		{ADC7A8EB-E959-49B2-A5E5-31CAA0EBE519}.Debug|Any CPU.Build.0 = Debug|Any CPU
		{ADC7A8EB-E959-49B2-A5E5-31CAA0EBE519}.Release|Any CPU.ActiveCfg = Release|Any CPU
		{ADC7A8EB-E959-49B2-A5E5-31CAA0EBE519}.Release|Any CPU.Build.0 = Release|Any CPU
	EndGlobalSection
	GlobalSection(SolutionProperties) = preSolution
		HideSolutionNode = FALSE
	EndGlobalSection
	GlobalSection(ExtensibilityGlobals) = postSolution
		SolutionGuid = {F7F7739D-FDF8-4CC5-9D66-A5CFFD215850}
	EndGlobalSection
EndGlobal
